# THIS IS AN AUTOGENERATED FILE. DO NOT EDIT THIS FILE DIRECTLY.
# yarn lockfile v1


"@pyxis/components@0.0.45":
  version "0.0.45"
  dependencies:
    "@dr-kobros/react-webfont-loader" "^8.0.0"
    "@pyxis/decorators" "^0.0.23"
    "@pyxis/imigary" "^0.0.3"
    bootstrap "^4.3.1"
    commitizen "^3.0.5"
    express "^4.16.4"
    faker "^4.1.0"
    konva "^2.5.1"
    lodash "^4.17.11"
    mapbox-gl "^0.51.0"
    mobx "^5.8.0"
    mobx-react "^5.4.3"
    proxyquire "^2.1.0"
    react "^16.6.3"
    react-bootstrap "^1.0.0-beta.5"
    react-dom "^16.6.3"
    react-konva "^16.6.31"
    recompose "^0.30.0"
    svg-inline-react "^3.1.0"
    tracking "^1.1.3"

