# THIS IS AN AUTOGENERATED FILE. DO NOT EDIT THIS FILE DIRECTLY.
# yarn lockfile v1


"@pyxis/nest@0.0.1":
  version "0.0.1"
  dependencies:
    "@nestjs/common" "^5.4.0"
    "@nestjs/core" "^5.4.0"
    "@nestjs/graphql" "^5.5.1"
    "@nestjs/mongoose" "^5.2.2"
    "@nestjs/passport" "^5.1.0"
    apollo-link-context "^1.0.14"
    apollo-server-express "^2.3.3"
    dotenv "^6.2.0"
    graphql "^14.1.1"
    graphql-tools "^4.0.4"
    joi "^14.3.1"
    mongoose "^5.4.10"
    mongoose-intl "^3.1.0"
    passport "^0.4.0"
    passport-http-bearer "^1.0.1"
    reflect-metadata "^0.1.12"
    rimraf "^2.6.2"
    rxjs "^6.2.2"
    typescript "^3.0.1"

