# THIS IS AN AUTOGENERATED FILE. DO NOT EDIT THIS FILE DIRECTLY.
# yarn lockfile v1


"@pyxis/web@0.0.21":
  version "0.0.21"
  dependencies:
    "@pyxis/components" "^0.0.30"
    "@pyxis/decorators" "^0.0.21"
    "@pyxis/loaders" "^0.0.21"
    "@pyxis/theme" "^0.0.21"
    react "^16.6.3"
    react-dom "^16.6.3"
    webpack "^4.26.1"
    webpack-cli "^3.1.2"

